// !$*UTF8*$!
{
	archiveVersion = 1;
	classes = {
	};
	objectVersion = 55;
	objects = {

/* Begin PBXBuildFile section */
		4B8F504D285BD055003D4CDF /* CommonBagApp.swift in Sources */ = {isa = PBXBuildFile; fileRef = 4B8F504C285BD055003D4CDF /* CommonBagApp.swift */; };
		4B8F5051285BD057003D4CDF /* Assets.xcassets in Resources */ = {isa = PBXBuildFile; fileRef = 4B8F5050285BD057003D4CDF /* Assets.xcassets */; };
		4B8F5054285BD057003D4CDF /* Preview Assets.xcassets in Resources */ = {isa = PBXBuildFile; fileRef = 4B8F5053285BD057003D4CDF /* Preview Assets.xcassets */; };
		4B8F505C285BD1A5003D4CDF /* Stinsen in Frameworks */ = {isa = PBXBuildFile; productRef = 4B8F505B285BD1A5003D4CDF /* Stinsen */; };
		4B8F505F285BD1E3003D4CDF /* ProductListView.swift in Sources */ = {isa = PBXBuildFile; fileRef = 4B8F505E285BD1E3003D4CDF /* ProductListView.swift */; };
		4B8F5061285BD1FC003D4CDF /* ProductListViewModel.swift in Sources */ = {isa = PBXBuildFile; fileRef = 4B8F5060285BD1FC003D4CDF /* ProductListViewModel.swift */; };
		4B8F5063285BD208003D4CDF /* ProductListCoordinator.swift in Sources */ = {isa = PBXBuildFile; fileRef = 4B8F5062285BD208003D4CDF /* ProductListCoordinator.swift */; };
		4B8F5065285BD9BF003D4CDF /* ProductModel.swift in Sources */ = {isa = PBXBuildFile; fileRef = 4B8F5064285BD9BF003D4CDF /* ProductModel.swift */; };
		4B8F5067285BE53B003D4CDF /* AppCoordinator.swift in Sources */ = {isa = PBXBuildFile; fileRef = 4B8F5066285BE53B003D4CDF /* AppCoordinator.swift */; };
		4B8F506B285BE6B3003D4CDF /* ProductRow.swift in Sources */ = {isa = PBXBuildFile; fileRef = 4B8F506A285BE6B3003D4CDF /* ProductRow.swift */; };
		4B8F506E285BE6E6003D4CDF /* AddActionModifier.swift in Sources */ = {isa = PBXBuildFile; fileRef = 4B8F506D285BE6E6003D4CDF /* AddActionModifier.swift */; };
		4B8F5071285C9410003D4CDF /* MyListsView.swift in Sources */ = {isa = PBXBuildFile; fileRef = 4B8F5070285C9410003D4CDF /* MyListsView.swift */; };
		4B8F5073285C949A003D4CDF /* ListModel.swift in Sources */ = {isa = PBXBuildFile; fileRef = 4B8F5072285C949A003D4CDF /* ListModel.swift */; };
		4B8F5075285C950D003D4CDF /* MyListViewModel.swift in Sources */ = {isa = PBXBuildFile; fileRef = 4B8F5074285C950D003D4CDF /* MyListViewModel.swift */; };
		4B8F5077285C958A003D4CDF /* MyListsCoordinator.swift in Sources */ = {isa = PBXBuildFile; fileRef = 4B8F5076285C958A003D4CDF /* MyListsCoordinator.swift */; };
		4B8F507A285CA215003D4CDF /* MyListRow.swift in Sources */ = {isa = PBXBuildFile; fileRef = 4B8F5079285CA215003D4CDF /* MyListRow.swift */; };
		4B8F507D285CA3B9003D4CDF /* AddProductCoordinator.swift in Sources */ = {isa = PBXBuildFile; fileRef = 4B8F507C285CA3B9003D4CDF /* AddProductCoordinator.swift */; };
		4B8F507F285CA3C3003D4CDF /* AddProductView.swift in Sources */ = {isa = PBXBuildFile; fileRef = 4B8F507E285CA3C3003D4CDF /* AddProductView.swift */; };
		4B8F5081285CA3D4003D4CDF /* AddProductViewModel.swift in Sources */ = {isa = PBXBuildFile; fileRef = 4B8F5080285CA3D4003D4CDF /* AddProductViewModel.swift */; };
		4B8F5084285CA82B003D4CDF /* AddedProductRow.swift in Sources */ = {isa = PBXBuildFile; fileRef = 4B8F5083285CA82B003D4CDF /* AddedProductRow.swift */; };
		4B8F5088285D1FD3003D4CDF /* ProductListService.swift in Sources */ = {isa = PBXBuildFile; fileRef = 4B8F5087285D1FD3003D4CDF /* ProductListService.swift */; };
		4B8F508C285F7C07003D4CDF /* Networking in Frameworks */ = {isa = PBXBuildFile; productRef = 4B8F508B285F7C07003D4CDF /* Networking */; };
		4B8F508E285F7C29003D4CDF /* API.swift in Sources */ = {isa = PBXBuildFile; fileRef = 4B8F508D285F7C29003D4CDF /* API.swift */; };
		4B8F5090285FBC14003D4CDF /* Auth+API.swift in Sources */ = {isa = PBXBuildFile; fileRef = 4B8F508F285FBC14003D4CDF /* Auth+API.swift */; };
		4B8F5092285FBCC4003D4CDF /* List+API.swift in Sources */ = {isa = PBXBuildFile; fileRef = 4B8F5091285FBCC4003D4CDF /* List+API.swift */; };
		4B8F5094285FBDCC003D4CDF /* Products+API.swift in Sources */ = {isa = PBXBuildFile; fileRef = 4B8F5093285FBDCC003D4CDF /* Products+API.swift */; };
		4B8F5096285FBE79003D4CDF /* NetworkClient.swift in Sources */ = {isa = PBXBuildFile; fileRef = 4B8F5095285FBE79003D4CDF /* NetworkClient.swift */; };
		4B8F5098285FCA7B003D4CDF /* DTO.swift in Sources */ = {isa = PBXBuildFile; fileRef = 4B8F5097285FCA7B003D4CDF /* DTO.swift */; };
/* End PBXBuildFile section */

/* Begin PBXFileReference section */
		4B8F5049285BD055003D4CDF /* CommonBag.app */ = {isa = PBXFileReference; explicitFileType = wrapper.application; includeInIndex = 0; path = CommonBag.app; sourceTree = BUILT_PRODUCTS_DIR; };
		4B8F504C285BD055003D4CDF /* CommonBagApp.swift */ = {isa = PBXFileReference; lastKnownFileType = sourcecode.swift; path = CommonBagApp.swift; sourceTree = "<group>"; };
		4B8F5050285BD057003D4CDF /* Assets.xcassets */ = {isa = PBXFileReference; lastKnownFileType = folder.assetcatalog; path = Assets.xcassets; sourceTree = "<group>"; };
		4B8F5053285BD057003D4CDF /* Preview Assets.xcassets */ = {isa = PBXFileReference; lastKnownFileType = folder.assetcatalog; path = "Preview Assets.xcassets"; sourceTree = "<group>"; };
		4B8F505E285BD1E3003D4CDF /* ProductListView.swift */ = {isa = PBXFileReference; lastKnownFileType = sourcecode.swift; path = ProductListView.swift; sourceTree = "<group>"; };
		4B8F5060285BD1FC003D4CDF /* ProductListViewModel.swift */ = {isa = PBXFileReference; lastKnownFileType = sourcecode.swift; path = ProductListViewModel.swift; sourceTree = "<group>"; };
		4B8F5062285BD208003D4CDF /* ProductListCoordinator.swift */ = {isa = PBXFileReference; lastKnownFileType = sourcecode.swift; path = ProductListCoordinator.swift; sourceTree = "<group>"; };
		4B8F5064285BD9BF003D4CDF /* ProductModel.swift */ = {isa = PBXFileReference; lastKnownFileType = sourcecode.swift; path = ProductModel.swift; sourceTree = "<group>"; };
		4B8F5066285BE53B003D4CDF /* AppCoordinator.swift */ = {isa = PBXFileReference; lastKnownFileType = sourcecode.swift; path = AppCoordinator.swift; sourceTree = "<group>"; };
		4B8F506A285BE6B3003D4CDF /* ProductRow.swift */ = {isa = PBXFileReference; lastKnownFileType = sourcecode.swift; path = ProductRow.swift; sourceTree = "<group>"; };
		4B8F506D285BE6E6003D4CDF /* AddActionModifier.swift */ = {isa = PBXFileReference; lastKnownFileType = sourcecode.swift; path = AddActionModifier.swift; sourceTree = "<group>"; };
		4B8F5070285C9410003D4CDF /* MyListsView.swift */ = {isa = PBXFileReference; lastKnownFileType = sourcecode.swift; path = MyListsView.swift; sourceTree = "<group>"; };
		4B8F5072285C949A003D4CDF /* ListModel.swift */ = {isa = PBXFileReference; lastKnownFileType = sourcecode.swift; path = ListModel.swift; sourceTree = "<group>"; };
		4B8F5074285C950D003D4CDF /* MyListViewModel.swift */ = {isa = PBXFileReference; lastKnownFileType = sourcecode.swift; path = MyListViewModel.swift; sourceTree = "<group>"; };
		4B8F5076285C958A003D4CDF /* MyListsCoordinator.swift */ = {isa = PBXFileReference; lastKnownFileType = sourcecode.swift; path = MyListsCoordinator.swift; sourceTree = "<group>"; };
		4B8F5079285CA215003D4CDF /* MyListRow.swift */ = {isa = PBXFileReference; lastKnownFileType = sourcecode.swift; path = MyListRow.swift; sourceTree = "<group>"; };
		4B8F507C285CA3B9003D4CDF /* AddProductCoordinator.swift */ = {isa = PBXFileReference; lastKnownFileType = sourcecode.swift; path = AddProductCoordinator.swift; sourceTree = "<group>"; };
		4B8F507E285CA3C3003D4CDF /* AddProductView.swift */ = {isa = PBXFileReference; lastKnownFileType = sourcecode.swift; path = AddProductView.swift; sourceTree = "<group>"; };
		4B8F5080285CA3D4003D4CDF /* AddProductViewModel.swift */ = {isa = PBXFileReference; lastKnownFileType = sourcecode.swift; path = AddProductViewModel.swift; sourceTree = "<group>"; };
		4B8F5083285CA82B003D4CDF /* AddedProductRow.swift */ = {isa = PBXFileReference; lastKnownFileType = sourcecode.swift; path = AddedProductRow.swift; sourceTree = "<group>"; };
		4B8F5087285D1FD3003D4CDF /* ProductListService.swift */ = {isa = PBXFileReference; lastKnownFileType = sourcecode.swift; path = ProductListService.swift; sourceTree = "<group>"; };
		4B8F508D285F7C29003D4CDF /* API.swift */ = {isa = PBXFileReference; lastKnownFileType = sourcecode.swift; path = API.swift; sourceTree = "<group>"; };
		4B8F508F285FBC14003D4CDF /* Auth+API.swift */ = {isa = PBXFileReference; lastKnownFileType = sourcecode.swift; path = "Auth+API.swift"; sourceTree = "<group>"; };
		4B8F5091285FBCC4003D4CDF /* List+API.swift */ = {isa = PBXFileReference; lastKnownFileType = sourcecode.swift; path = "List+API.swift"; sourceTree = "<group>"; };
		4B8F5093285FBDCC003D4CDF /* Products+API.swift */ = {isa = PBXFileReference; lastKnownFileType = sourcecode.swift; path = "Products+API.swift"; sourceTree = "<group>"; };
		4B8F5095285FBE79003D4CDF /* NetworkClient.swift */ = {isa = PBXFileReference; lastKnownFileType = sourcecode.swift; path = NetworkClient.swift; sourceTree = "<group>"; };
		4B8F5097285FCA7B003D4CDF /* DTO.swift */ = {isa = PBXFileReference; lastKnownFileType = sourcecode.swift; path = DTO.swift; sourceTree = "<group>"; };
/* End PBXFileReference section */

/* Begin PBXFrameworksBuildPhase section */
		4B8F5046285BD055003D4CDF /* Frameworks */ = {
			isa = PBXFrameworksBuildPhase;
			buildActionMask = 2147483647;
			files = (
				4B8F508C285F7C07003D4CDF /* Networking in Frameworks */,
				4B8F505C285BD1A5003D4CDF /* Stinsen in Frameworks */,
			);
			runOnlyForDeploymentPostprocessing = 0;
		};
/* End PBXFrameworksBuildPhase section */

/* Begin PBXGroup section */
		4B8F5040285BD055003D4CDF = {
			isa = PBXGroup;
			children = (
				4B8F504B285BD055003D4CDF /* CommonBag */,
				4B8F504A285BD055003D4CDF /* Products */,
			);
			sourceTree = "<group>";
		};
		4B8F504A285BD055003D4CDF /* Products */ = {
			isa = PBXGroup;
			children = (
				4B8F5049285BD055003D4CDF /* CommonBag.app */,
			);
			name = Products;
			sourceTree = "<group>";
		};
		4B8F504B285BD055003D4CDF /* CommonBag */ = {
			isa = PBXGroup;
			children = (
				4B8F5089285F7BDE003D4CDF /* Networking */,
				4B8F5086285D1FC4003D4CDF /* Services */,
				4B8F5085285D1FB3003D4CDF /* Screens */,
				4B8F504C285BD055003D4CDF /* CommonBagApp.swift */,
				4B8F5066285BE53B003D4CDF /* AppCoordinator.swift */,
				4B8F5050285BD057003D4CDF /* Assets.xcassets */,
				4B8F5052285BD057003D4CDF /* Preview Content */,
			);
			path = CommonBag;
			sourceTree = "<group>";
		};
		4B8F5052285BD057003D4CDF /* Preview Content */ = {
			isa = PBXGroup;
			children = (
				4B8F5053285BD057003D4CDF /* Preview Assets.xcassets */,
			);
			path = "Preview Content";
			sourceTree = "<group>";
		};
		4B8F505D285BD1BE003D4CDF /* ProductList */ = {
			isa = PBXGroup;
			children = (
				4B8F5069285BE6A2003D4CDF /* Components */,
				4B8F505E285BD1E3003D4CDF /* ProductListView.swift */,
				4B8F5060285BD1FC003D4CDF /* ProductListViewModel.swift */,
				4B8F5062285BD208003D4CDF /* ProductListCoordinator.swift */,
				4B8F5064285BD9BF003D4CDF /* ProductModel.swift */,
			);
			path = ProductList;
			sourceTree = "<group>";
		};
		4B8F5068285BE691003D4CDF /* Common */ = {
			isa = PBXGroup;
			children = (
				4B8F506C285BE6D7003D4CDF /* Modifiers */,
			);
			path = Common;
			sourceTree = "<group>";
		};
		4B8F5069285BE6A2003D4CDF /* Components */ = {
			isa = PBXGroup;
			children = (
				4B8F506A285BE6B3003D4CDF /* ProductRow.swift */,
			);
			path = Components;
			sourceTree = "<group>";
		};
		4B8F506C285BE6D7003D4CDF /* Modifiers */ = {
			isa = PBXGroup;
			children = (
				4B8F506D285BE6E6003D4CDF /* AddActionModifier.swift */,
			);
			path = Modifiers;
			sourceTree = "<group>";
		};
		4B8F506F285C93FF003D4CDF /* MyLists */ = {
			isa = PBXGroup;
			children = (
				4B8F5078285CA205003D4CDF /* Components */,
				4B8F5070285C9410003D4CDF /* MyListsView.swift */,
				4B8F5072285C949A003D4CDF /* ListModel.swift */,
				4B8F5074285C950D003D4CDF /* MyListViewModel.swift */,
				4B8F5076285C958A003D4CDF /* MyListsCoordinator.swift */,
			);
			path = MyLists;
			sourceTree = "<group>";
		};
		4B8F5078285CA205003D4CDF /* Components */ = {
			isa = PBXGroup;
			children = (
				4B8F5079285CA215003D4CDF /* MyListRow.swift */,
			);
			path = Components;
			sourceTree = "<group>";
		};
		4B8F507B285CA3A3003D4CDF /* AddProduct */ = {
			isa = PBXGroup;
			children = (
				4B8F5082285CA7FA003D4CDF /* Components */,
				4B8F507C285CA3B9003D4CDF /* AddProductCoordinator.swift */,
				4B8F507E285CA3C3003D4CDF /* AddProductView.swift */,
				4B8F5080285CA3D4003D4CDF /* AddProductViewModel.swift */,
			);
			path = AddProduct;
			sourceTree = "<group>";
		};
		4B8F5082285CA7FA003D4CDF /* Components */ = {
			isa = PBXGroup;
			children = (
				4B8F5083285CA82B003D4CDF /* AddedProductRow.swift */,
			);
			path = Components;
			sourceTree = "<group>";
		};
		4B8F5085285D1FB3003D4CDF /* Screens */ = {
			isa = PBXGroup;
			children = (
				4B8F507B285CA3A3003D4CDF /* AddProduct */,
				4B8F506F285C93FF003D4CDF /* MyLists */,
				4B8F5068285BE691003D4CDF /* Common */,
				4B8F505D285BD1BE003D4CDF /* ProductList */,
			);
			path = Screens;
			sourceTree = "<group>";
		};
		4B8F5086285D1FC4003D4CDF /* Services */ = {
			isa = PBXGroup;
			children = (
				4B8F5087285D1FD3003D4CDF /* ProductListService.swift */,
			);
			path = Services;
			sourceTree = "<group>";
		};
		4B8F5089285F7BDE003D4CDF /* Networking */ = {
			isa = PBXGroup;
			children = (
				4B8F508D285F7C29003D4CDF /* API.swift */,
				4B8F5091285FBCC4003D4CDF /* List+API.swift */,
				4B8F508F285FBC14003D4CDF /* Auth+API.swift */,
				4B8F5093285FBDCC003D4CDF /* Products+API.swift */,
				4B8F5095285FBE79003D4CDF /* NetworkClient.swift */,
				4B8F5097285FCA7B003D4CDF /* DTO.swift */,
			);
			path = Networking;
			sourceTree = "<group>";
		};
/* End PBXGroup section */

/* Begin PBXNativeTarget section */
		4B8F5048285BD055003D4CDF /* CommonBag */ = {
			isa = PBXNativeTarget;
			buildConfigurationList = 4B8F5057285BD057003D4CDF /* Build configuration list for PBXNativeTarget "CommonBag" */;
			buildPhases = (
				4B8F5045285BD055003D4CDF /* Sources */,
				4B8F5046285BD055003D4CDF /* Frameworks */,
				4B8F5047285BD055003D4CDF /* Resources */,
			);
			buildRules = (
			);
			dependencies = (
			);
			name = CommonBag;
			packageProductDependencies = (
				4B8F505B285BD1A5003D4CDF /* Stinsen */,
				4B8F508B285F7C07003D4CDF /* Networking */,
			);
			productName = CommonBag;
			productReference = 4B8F5049285BD055003D4CDF /* CommonBag.app */;
			productType = "com.apple.product-type.application";
		};
/* End PBXNativeTarget section */

/* Begin PBXProject section */
		4B8F5041285BD055003D4CDF /* Project object */ = {
			isa = PBXProject;
			attributes = {
				BuildIndependentTargetsInParallel = 1;
				LastSwiftUpdateCheck = 1320;
				LastUpgradeCheck = 1320;
				TargetAttributes = {
					4B8F5048285BD055003D4CDF = {
						CreatedOnToolsVersion = 13.2.1;
					};
				};
			};
			buildConfigurationList = 4B8F5044285BD055003D4CDF /* Build configuration list for PBXProject "CommonBag" */;
			compatibilityVersion = "Xcode 13.0";
			developmentRegion = en;
			hasScannedForEncodings = 0;
			knownRegions = (
				en,
				Base,
			);
			mainGroup = 4B8F5040285BD055003D4CDF;
			packageReferences = (
				4B8F505A285BD1A5003D4CDF /* XCRemoteSwiftPackageReference "stinsen" */,
				4B8F508A285F7C07003D4CDF /* XCRemoteSwiftPackageReference "Networking" */,
			);
			productRefGroup = 4B8F504A285BD055003D4CDF /* Products */;
			projectDirPath = "";
			projectRoot = "";
			targets = (
				4B8F5048285BD055003D4CDF /* CommonBag */,
			);
		};
/* End PBXProject section */

/* Begin PBXResourcesBuildPhase section */
		4B8F5047285BD055003D4CDF /* Resources */ = {
			isa = PBXResourcesBuildPhase;
			buildActionMask = 2147483647;
			files = (
				4B8F5054285BD057003D4CDF /* Preview Assets.xcassets in Resources */,
				4B8F5051285BD057003D4CDF /* Assets.xcassets in Resources */,
			);
			runOnlyForDeploymentPostprocessing = 0;
		};
/* End PBXResourcesBuildPhase section */

/* Begin PBXSourcesBuildPhase section */
		4B8F5045285BD055003D4CDF /* Sources */ = {
			isa = PBXSourcesBuildPhase;
			buildActionMask = 2147483647;
			files = (
				4B8F5077285C958A003D4CDF /* MyListsCoordinator.swift in Sources */,
				4B8F508E285F7C29003D4CDF /* API.swift in Sources */,
				4B8F506E285BE6E6003D4CDF /* AddActionModifier.swift in Sources */,
				4B8F5098285FCA7B003D4CDF /* DTO.swift in Sources */,
				4B8F5092285FBCC4003D4CDF /* List+API.swift in Sources */,
				4B8F5084285CA82B003D4CDF /* AddedProductRow.swift in Sources */,
				4B8F507D285CA3B9003D4CDF /* AddProductCoordinator.swift in Sources */,
				4B8F5067285BE53B003D4CDF /* AppCoordinator.swift in Sources */,
				4B8F5071285C9410003D4CDF /* MyListsView.swift in Sources */,
				4B8F505F285BD1E3003D4CDF /* ProductListView.swift in Sources */,
				4B8F5065285BD9BF003D4CDF /* ProductModel.swift in Sources */,
				4B8F5075285C950D003D4CDF /* MyListViewModel.swift in Sources */,
				4B8F5088285D1FD3003D4CDF /* ProductListService.swift in Sources */,
				4B8F5061285BD1FC003D4CDF /* ProductListViewModel.swift in Sources */,
				4B8F5090285FBC14003D4CDF /* Auth+API.swift in Sources */,
				4B8F507F285CA3C3003D4CDF /* AddProductView.swift in Sources */,
				4B8F5081285CA3D4003D4CDF /* AddProductViewModel.swift in Sources */,
				4B8F506B285BE6B3003D4CDF /* ProductRow.swift in Sources */,
				4B8F5063285BD208003D4CDF /* ProductListCoordinator.swift in Sources */,
				4B8F5094285FBDCC003D4CDF /* Products+API.swift in Sources */,
				4B8F507A285CA215003D4CDF /* MyListRow.swift in Sources */,
				4B8F504D285BD055003D4CDF /* CommonBagApp.swift in Sources */,
				4B8F5096285FBE79003D4CDF /* NetworkClient.swift in Sources */,
				4B8F5073285C949A003D4CDF /* ListModel.swift in Sources */,
			);
			runOnlyForDeploymentPostprocessing = 0;
		};
/* End PBXSourcesBuildPhase section */

/* Begin XCBuildConfiguration section */
		4B8F5055285BD057003D4CDF /* Debug */ = {
			isa = XCBuildConfiguration;
			buildSettings = {
				ALWAYS_SEARCH_USER_PATHS = NO;
				CLANG_ANALYZER_NONNULL = YES;
				CLANG_ANALYZER_NUMBER_OBJECT_CONVERSION = YES_AGGRESSIVE;
				CLANG_CXX_LANGUAGE_STANDARD = "gnu++17";
				CLANG_CXX_LIBRARY = "libc++";
				CLANG_ENABLE_MODULES = YES;
				CLANG_ENABLE_OBJC_ARC = YES;
				CLANG_ENABLE_OBJC_WEAK = YES;
				CLANG_WARN_BLOCK_CAPTURE_AUTORELEASING = YES;
				CLANG_WARN_BOOL_CONVERSION = YES;
				CLANG_WARN_COMMA = YES;
				CLANG_WARN_CONSTANT_CONVERSION = YES;
				CLANG_WARN_DEPRECATED_OBJC_IMPLEMENTATIONS = YES;
				CLANG_WARN_DIRECT_OBJC_ISA_USAGE = YES_ERROR;
				CLANG_WARN_DOCUMENTATION_COMMENTS = YES;
				CLANG_WARN_EMPTY_BODY = YES;
				CLANG_WARN_ENUM_CONVERSION = YES;
				CLANG_WARN_INFINITE_RECURSION = YES;
				CLANG_WARN_INT_CONVERSION = YES;
				CLANG_WARN_NON_LITERAL_NULL_CONVERSION = YES;
				CLANG_WARN_OBJC_IMPLICIT_RETAIN_SELF = YES;
				CLANG_WARN_OBJC_LITERAL_CONVERSION = YES;
				CLANG_WARN_OBJC_ROOT_CLASS = YES_ERROR;
				CLANG_WARN_QUOTED_INCLUDE_IN_FRAMEWORK_HEADER = YES;
				CLANG_WARN_RANGE_LOOP_ANALYSIS = YES;
				CLANG_WARN_STRICT_PROTOTYPES = YES;
				CLANG_WARN_SUSPICIOUS_MOVE = YES;
				CLANG_WARN_UNGUARDED_AVAILABILITY = YES_AGGRESSIVE;
				CLANG_WARN_UNREACHABLE_CODE = YES;
				CLANG_WARN__DUPLICATE_METHOD_MATCH = YES;
				COPY_PHASE_STRIP = NO;
				DEBUG_INFORMATION_FORMAT = dwarf;
				ENABLE_STRICT_OBJC_MSGSEND = YES;
				ENABLE_TESTABILITY = YES;
				GCC_C_LANGUAGE_STANDARD = gnu11;
				GCC_DYNAMIC_NO_PIC = NO;
				GCC_NO_COMMON_BLOCKS = YES;
				GCC_OPTIMIZATION_LEVEL = 0;
				GCC_PREPROCESSOR_DEFINITIONS = (
					"DEBUG=1",
					"$(inherited)",
				);
				GCC_WARN_64_TO_32_BIT_CONVERSION = YES;
				GCC_WARN_ABOUT_RETURN_TYPE = YES_ERROR;
				GCC_WARN_UNDECLARED_SELECTOR = YES;
				GCC_WARN_UNINITIALIZED_AUTOS = YES_AGGRESSIVE;
				GCC_WARN_UNUSED_FUNCTION = YES;
				GCC_WARN_UNUSED_VARIABLE = YES;
				IPHONEOS_DEPLOYMENT_TARGET = 15.2;
				MTL_ENABLE_DEBUG_INFO = INCLUDE_SOURCE;
				MTL_FAST_MATH = YES;
				ONLY_ACTIVE_ARCH = YES;
				SDKROOT = iphoneos;
				SWIFT_ACTIVE_COMPILATION_CONDITIONS = DEBUG;
				SWIFT_OPTIMIZATION_LEVEL = "-Onone";
			};
			name = Debug;
		};
		4B8F5056285BD057003D4CDF /* Release */ = {
			isa = XCBuildConfiguration;
			buildSettings = {
				ALWAYS_SEARCH_USER_PATHS = NO;
				CLANG_ANALYZER_NONNULL = YES;
				CLANG_ANALYZER_NUMBER_OBJECT_CONVERSION = YES_AGGRESSIVE;
				CLANG_CXX_LANGUAGE_STANDARD = "gnu++17";
				CLANG_CXX_LIBRARY = "libc++";
				CLANG_ENABLE_MODULES = YES;
				CLANG_ENABLE_OBJC_ARC = YES;
				CLANG_ENABLE_OBJC_WEAK = YES;
				CLANG_WARN_BLOCK_CAPTURE_AUTORELEASING = YES;
				CLANG_WARN_BOOL_CONVERSION = YES;
				CLANG_WARN_COMMA = YES;
				CLANG_WARN_CONSTANT_CONVERSION = YES;
				CLANG_WARN_DEPRECATED_OBJC_IMPLEMENTATIONS = YES;
				CLANG_WARN_DIRECT_OBJC_ISA_USAGE = YES_ERROR;
				CLANG_WARN_DOCUMENTATION_COMMENTS = YES;
				CLANG_WARN_EMPTY_BODY = YES;
				CLANG_WARN_ENUM_CONVERSION = YES;
				CLANG_WARN_INFINITE_RECURSION = YES;
				CLANG_WARN_INT_CONVERSION = YES;
				CLANG_WARN_NON_LITERAL_NULL_CONVERSION = YES;
				CLANG_WARN_OBJC_IMPLICIT_RETAIN_SELF = YES;
				CLANG_WARN_OBJC_LITERAL_CONVERSION = YES;
				CLANG_WARN_OBJC_ROOT_CLASS = YES_ERROR;
				CLANG_WARN_QUOTED_INCLUDE_IN_FRAMEWORK_HEADER = YES;
				CLANG_WARN_RANGE_LOOP_ANALYSIS = YES;
				CLANG_WARN_STRICT_PROTOTYPES = YES;
				CLANG_WARN_SUSPICIOUS_MOVE = YES;
				CLANG_WARN_UNGUARDED_AVAILABILITY = YES_AGGRESSIVE;
				CLANG_WARN_UNREACHABLE_CODE = YES;
				CLANG_WARN__DUPLICATE_METHOD_MATCH = YES;
				COPY_PHASE_STRIP = NO;
				DEBUG_INFORMATION_FORMAT = "dwarf-with-dsym";
				ENABLE_NS_ASSERTIONS = NO;
				ENABLE_STRICT_OBJC_MSGSEND = YES;
				GCC_C_LANGUAGE_STANDARD = gnu11;
				GCC_NO_COMMON_BLOCKS = YES;
				GCC_WARN_64_TO_32_BIT_CONVERSION = YES;
				GCC_WARN_ABOUT_RETURN_TYPE = YES_ERROR;
				GCC_WARN_UNDECLARED_SELECTOR = YES;
				GCC_WARN_UNINITIALIZED_AUTOS = YES_AGGRESSIVE;
				GCC_WARN_UNUSED_FUNCTION = YES;
				GCC_WARN_UNUSED_VARIABLE = YES;
				IPHONEOS_DEPLOYMENT_TARGET = 15.2;
				MTL_ENABLE_DEBUG_INFO = NO;
				MTL_FAST_MATH = YES;
				SDKROOT = iphoneos;
				SWIFT_COMPILATION_MODE = wholemodule;
				SWIFT_OPTIMIZATION_LEVEL = "-O";
				VALIDATE_PRODUCT = YES;
			};
			name = Release;
		};
		4B8F5058285BD057003D4CDF /* Debug */ = {
			isa = XCBuildConfiguration;
			buildSettings = {
				ASSETCATALOG_COMPILER_APPICON_NAME = AppIcon;
				ASSETCATALOG_COMPILER_GLOBAL_ACCENT_COLOR_NAME = AccentColor;
				CODE_SIGN_STYLE = Automatic;
				CURRENT_PROJECT_VERSION = 1;
				DEVELOPMENT_ASSET_PATHS = "\"CommonBag/Preview Content\"";
				DEVELOPMENT_TEAM = 8FR82B7BH7;
				ENABLE_PREVIEWS = YES;
				GENERATE_INFOPLIST_FILE = YES;
				INFOPLIST_KEY_UIApplicationSceneManifest_Generation = YES;
				INFOPLIST_KEY_UIApplicationSupportsIndirectInputEvents = YES;
				INFOPLIST_KEY_UILaunchScreen_Generation = YES;
				INFOPLIST_KEY_UISupportedInterfaceOrientations_iPad = "UIInterfaceOrientationPortrait UIInterfaceOrientationPortraitUpsideDown UIInterfaceOrientationLandscapeLeft UIInterfaceOrientationLandscapeRight";
				INFOPLIST_KEY_UISupportedInterfaceOrientations_iPhone = "UIInterfaceOrientationPortrait UIInterfaceOrientationLandscapeLeft UIInterfaceOrientationLandscapeRight";
				LD_RUNPATH_SEARCH_PATHS = (
					"$(inherited)",
					"@executable_path/Frameworks",
				);
				MARKETING_VERSION = 1.0;
				PRODUCT_BUNDLE_IDENTIFIER = mikhailseregin.CommonBag;
				PRODUCT_NAME = "$(TARGET_NAME)";
				SWIFT_EMIT_LOC_STRINGS = YES;
				SWIFT_VERSION = 5.0;
				TARGETED_DEVICE_FAMILY = "1,2";
			};
			name = Debug;
		};
		4B8F5059285BD057003D4CDF /* Release */ = {
			isa = XCBuildConfiguration;
			buildSettings = {
				ASSETCATALOG_COMPILER_APPICON_NAME = AppIcon;
				ASSETCATALOG_COMPILER_GLOBAL_ACCENT_COLOR_NAME = AccentColor;
				CODE_SIGN_STYLE = Automatic;
				CURRENT_PROJECT_VERSION = 1;
				DEVELOPMENT_ASSET_PATHS = "\"CommonBag/Preview Content\"";
				DEVELOPMENT_TEAM = 8FR82B7BH7;
				ENABLE_PREVIEWS = YES;
				GENERATE_INFOPLIST_FILE = YES;
				INFOPLIST_KEY_UIApplicationSceneManifest_Generation = YES;
				INFOPLIST_KEY_UIApplicationSupportsIndirectInputEvents = YES;
				INFOPLIST_KEY_UILaunchScreen_Generation = YES;
				INFOPLIST_KEY_UISupportedInterfaceOrientations_iPad = "UIInterfaceOrientationPortrait UIInterfaceOrientationPortraitUpsideDown UIInterfaceOrientationLandscapeLeft UIInterfaceOrientationLandscapeRight";
				INFOPLIST_KEY_UISupportedInterfaceOrientations_iPhone = "UIInterfaceOrientationPortrait UIInterfaceOrientationLandscapeLeft UIInterfaceOrientationLandscapeRight";
				LD_RUNPATH_SEARCH_PATHS = (
					"$(inherited)",
					"@executable_path/Frameworks",
				);
				MARKETING_VERSION = 1.0;
				PRODUCT_BUNDLE_IDENTIFIER = mikhailseregin.CommonBag;
				PRODUCT_NAME = "$(TARGET_NAME)";
				SWIFT_EMIT_LOC_STRINGS = YES;
				SWIFT_VERSION = 5.0;
				TARGETED_DEVICE_FAMILY = "1,2";
			};
			name = Release;
		};
/* End XCBuildConfiguration section */

/* Begin XCConfigurationList section */
		4B8F5044285BD055003D4CDF /* Build configuration list for PBXProject "CommonBag" */ = {
			isa = XCConfigurationList;
			buildConfigurations = (
				4B8F5055285BD057003D4CDF /* Debug */,
				4B8F5056285BD057003D4CDF /* Release */,
			);
			defaultConfigurationIsVisible = 0;
			defaultConfigurationName = Release;
		};
		4B8F5057285BD057003D4CDF /* Build configuration list for PBXNativeTarget "CommonBag" */ = {
			isa = XCConfigurationList;
			buildConfigurations = (
				4B8F5058285BD057003D4CDF /* Debug */,
				4B8F5059285BD057003D4CDF /* Release */,
			);
			defaultConfigurationIsVisible = 0;
			defaultConfigurationName = Release;
		};
/* End XCConfigurationList section */

/* Begin XCRemoteSwiftPackageReference section */
		4B8F505A285BD1A5003D4CDF /* XCRemoteSwiftPackageReference "stinsen" */ = {
			isa = XCRemoteSwiftPackageReference;
			repositoryURL = "https://github.com/rundfunk47/stinsen";
			requirement = {
				kind = upToNextMajorVersion;
				minimumVersion = 2.0.0;
			};
		};
		4B8F508A285F7C07003D4CDF /* XCRemoteSwiftPackageReference "Networking" */ = {
			isa = XCRemoteSwiftPackageReference;
			repositoryURL = "https://github.com/amattit/Networking";
			requirement = {
				kind = upToNextMajorVersion;
				minimumVersion = 1.0.0;
			};
		};
/* End XCRemoteSwiftPackageReference section */

/* Begin XCSwiftPackageProductDependency section */
		4B8F505B285BD1A5003D4CDF /* Stinsen */ = {
			isa = XCSwiftPackageProductDependency;
			package = 4B8F505A285BD1A5003D4CDF /* XCRemoteSwiftPackageReference "stinsen" */;
			productName = Stinsen;
		};
		4B8F508B285F7C07003D4CDF /* Networking */ = {
			isa = XCSwiftPackageProductDependency;
			package = 4B8F508A285F7C07003D4CDF /* XCRemoteSwiftPackageReference "Networking" */;
			productName = Networking;
		};
/* End XCSwiftPackageProductDependency section */
	};
	rootObject = 4B8F5041285BD055003D4CDF /* Project object */;
}
