{
  "object": {
    "pins": [
      {
        "package": "Networking",
        "repositoryURL": "https://github.com/amattit/Networking",
        "state": {
          "branch": null,
          "revision": "891f78a6432f91a01ef409c3e2c67c03926a879b",
          "version": "1.0.8"
        }
      },
      {
        "package": "Stinsen",
        "repositoryURL": "https://github.com/rundfunk47/stinsen",
        "state": {
          "branch": null,
          "revision": "add05384b65ae3e39474f51ab5b9281abd238c60",
          "version": "2.0.9"
        }
      }
    ]
  },
  "version": 1
}
